// !$*UTF8*$!
{
	archiveVersion = 1;
	classes = {
	};
	objectVersion = 55;
	objects = {

/* Begin PBXBuildFile section */
		BFB96F7A28942712009DFA6F /* ListViewController.swift in Sources */ = {isa = PBXBuildFile; fileRef = BFB96F7928942712009DFA6F /* ListViewController.swift */; };
		BFB96F7C289429B7009DFA6F /* Person.swift in Sources */ = {isa = PBXBuildFile; fileRef = BFB96F7B289429B7009DFA6F /* Person.swift */; };
		BFD578112894156F001B1ED0 /* AppDelegate.swift in Sources */ = {isa = PBXBuildFile; fileRef = BFD578102894156F001B1ED0 /* AppDelegate.swift */; };
		BFD578132894156F001B1ED0 /* SceneDelegate.swift in Sources */ = {isa = PBXBuildFile; fileRef = BFD578122894156F001B1ED0 /* SceneDelegate.swift */; };
		BFD578152894156F001B1ED0 /* ListNamaOrangViewController.swift in Sources */ = {isa = PBXBuildFile; fileRef = BFD578142894156F001B1ED0 /* ListNamaOrangViewController.swift */; };
		BFD578182894156F001B1ED0 /* Main.storyboard in Resources */ = {isa = PBXBuildFile; fileRef = BFD578162894156F001B1ED0 /* Main.storyboard */; };
		BFD5781A28941570001B1ED0 /* Assets.xcassets in Resources */ = {isa = PBXBuildFile; fileRef = BFD5781928941570001B1ED0 /* Assets.xcassets */; };
		BFD5781D28941570001B1ED0 /* LaunchScreen.storyboard in Resources */ = {isa = PBXBuildFile; fileRef = BFD5781B28941570001B1ED0 /* LaunchScreen.storyboard */; };
		BFD5782528941E7B001B1ED0 /* CustomPeopleCell.swift in Sources */ = {isa = PBXBuildFile; fileRef = BFD5782428941E7B001B1ED0 /* CustomPeopleCell.swift */; };
/* End PBXBuildFile section */

/* Begin PBXFileReference section */
		BFB96F7928942712009DFA6F /* ListViewController.swift */ = {isa = PBXFileReference; lastKnownFileType = sourcecode.swift; path = ListViewController.swift; sourceTree = "<group>"; };
		BFB96F7B289429B7009DFA6F /* Person.swift */ = {isa = PBXFileReference; lastKnownFileType = sourcecode.swift; path = Person.swift; sourceTree = "<group>"; };
		BFD5780D2894156F001B1ED0 /* Funios Group 7 TableView.app */ = {isa = PBXFileReference; explicitFileType = wrapper.application; includeInIndex = 0; path = "Funios Group 7 TableView.app"; sourceTree = BUILT_PRODUCTS_DIR; };
		BFD578102894156F001B1ED0 /* AppDelegate.swift */ = {isa = PBXFileReference; lastKnownFileType = sourcecode.swift; path = AppDelegate.swift; sourceTree = "<group>"; };
		BFD578122894156F001B1ED0 /* SceneDelegate.swift */ = {isa = PBXFileReference; lastKnownFileType = sourcecode.swift; path = SceneDelegate.swift; sourceTree = "<group>"; };
		BFD578142894156F001B1ED0 /* ListNamaOrangViewController.swift */ = {isa = PBXFileReference; lastKnownFileType = sourcecode.swift; path = ListNamaOrangViewController.swift; sourceTree = "<group>"; };
		BFD578172894156F001B1ED0 /* Base */ = {isa = PBXFileReference; lastKnownFileType = file.storyboard; name = Base; path = Base.lproj/Main.storyboard; sourceTree = "<group>"; };
		BFD5781928941570001B1ED0 /* Assets.xcassets */ = {isa = PBXFileReference; lastKnownFileType = folder.assetcatalog; path = Assets.xcassets; sourceTree = "<group>"; };
		BFD5781C28941570001B1ED0 /* Base */ = {isa = PBXFileReference; lastKnownFileType = file.storyboard; name = Base; path = Base.lproj/LaunchScreen.storyboard; sourceTree = "<group>"; };
		BFD5781E28941570001B1ED0 /* Info.plist */ = {isa = PBXFileReference; lastKnownFileType = text.plist.xml; path = Info.plist; sourceTree = "<group>"; };
		BFD5782428941E7B001B1ED0 /* CustomPeopleCell.swift */ = {isa = PBXFileReference; lastKnownFileType = sourcecode.swift; path = CustomPeopleCell.swift; sourceTree = "<group>"; };
/* End PBXFileReference section */

/* Begin PBXFrameworksBuildPhase section */
		BFD5780A2894156F001B1ED0 /* Frameworks */ = {
			isa = PBXFrameworksBuildPhase;
			buildActionMask = 2147483647;
			files = (
			);
			runOnlyForDeploymentPostprocessing = 0;
		};
/* End PBXFrameworksBuildPhase section */

/* Begin PBXGroup section */
		BFD578042894156E001B1ED0 = {
			isa = PBXGroup;
			children = (
				BFD5780F2894156F001B1ED0 /* Funios Group 7 TableView */,
				BFD5780E2894156F001B1ED0 /* Products */,
			);
			sourceTree = "<group>";
		};
		BFD5780E2894156F001B1ED0 /* Products */ = {
			isa = PBXGroup;
			children = (
				BFD5780D2894156F001B1ED0 /* Funios Group 7 TableView.app */,
			);
			name = Products;
			sourceTree = "<group>";
		};
		BFD5780F2894156F001B1ED0 /* Funios Group 7 TableView */ = {
			isa = PBXGroup;
			children = (
				BFD578102894156F001B1ED0 /* AppDelegate.swift */,
				BFD578122894156F001B1ED0 /* SceneDelegate.swift */,
				BFD5782428941E7B001B1ED0 /* CustomPeopleCell.swift */,
				BFD578142894156F001B1ED0 /* ListNamaOrangViewController.swift */,
				BFB96F7928942712009DFA6F /* ListViewController.swift */,
				BFB96F7B289429B7009DFA6F /* Person.swift */,
				BFD578162894156F001B1ED0 /* Main.storyboard */,
				BFD5781928941570001B1ED0 /* Assets.xcassets */,
				BFD5781B28941570001B1ED0 /* LaunchScreen.storyboard */,
				BFD5781E28941570001B1ED0 /* Info.plist */,
			);
			path = "Funios Group 7 TableView";
			sourceTree = "<group>";
		};
/* End PBXGroup section */

/* Begin PBXNativeTarget section */
		BFD5780C2894156F001B1ED0 /* Funios Group 7 TableView */ = {
			isa = PBXNativeTarget;
			buildConfigurationList = BFD5782128941570001B1ED0 /* Build configuration list for PBXNativeTarget "Funios Group 7 TableView" */;
			buildPhases = (
				BFD578092894156F001B1ED0 /* Sources */,
				BFD5780A2894156F001B1ED0 /* Frameworks */,
				BFD5780B2894156F001B1ED0 /* Resources */,
			);
			buildRules = (
			);
			dependencies = (
			);
			name = "Funios Group 7 TableView";
			productName = "Funios Group 7 TableView";
			productReference = BFD5780D2894156F001B1ED0 /* Funios Group 7 TableView.app */;
			productType = "com.apple.product-type.application";
		};
/* End PBXNativeTarget section */

/* Begin PBXProject section */
		BFD578052894156E001B1ED0 /* Project object */ = {
			isa = PBXProject;
			attributes = {
				BuildIndependentTargetsInParallel = 1;
				LastSwiftUpdateCheck = 1330;
				LastUpgradeCheck = 1330;
				TargetAttributes = {
					BFD5780C2894156F001B1ED0 = {
						CreatedOnToolsVersion = 13.3.1;
					};
				};
			};
			buildConfigurationList = BFD578082894156E001B1ED0 /* Build configuration list for PBXProject "Funios Group 7 TableView" */;
			compatibilityVersion = "Xcode 13.0";
			developmentRegion = en;
			hasScannedForEncodings = 0;
			knownRegions = (
				en,
				Base,
			);
			mainGroup = BFD578042894156E001B1ED0;
			productRefGroup = BFD5780E2894156F001B1ED0 /* Products */;
			projectDirPath = "";
			projectRoot = "";
			targets = (
				BFD5780C2894156F001B1ED0 /* Funios Group 7 TableView */,
			);
		};
/* End PBXProject section */

/* Begin PBXResourcesBuildPhase section */
		BFD5780B2894156F001B1ED0 /* Resources */ = {
			isa = PBXResourcesBuildPhase;
			buildActionMask = 2147483647;
			files = (
				BFD5781D28941570001B1ED0 /* LaunchScreen.storyboard in Resources */,
				BFD5781A28941570001B1ED0 /* Assets.xcassets in Resources */,
				BFD578182894156F001B1ED0 /* Main.storyboard in Resources */,
			);
			runOnlyForDeploymentPostprocessing = 0;
		};
/* End PBXResourcesBuildPhase section */

/* Begin PBXSourcesBuildPhase section */
		BFD578092894156F001B1ED0 /* Sources */ = {
			isa = PBXSourcesBuildPhase;
			buildActionMask = 2147483647;
			files = (
				BFB96F7C289429B7009DFA6F /* Person.swift in Sources */,
				BFD578152894156F001B1ED0 /* ListNamaOrangViewController.swift in Sources */,
				BFD5782528941E7B001B1ED0 /* CustomPeopleCell.swift in Sources */,
				BFD578112894156F001B1ED0 /* AppDelegate.swift in Sources */,
				BFB96F7A28942712009DFA6F /* ListViewController.swift in Sources */,
				BFD578132894156F001B1ED0 /* SceneDelegate.swift in Sources */,
			);
			runOnlyForDeploymentPostprocessing = 0;
		};
/* End PBXSourcesBuildPhase section */

/* Begin PBXVariantGroup section */
		BFD578162894156F001B1ED0 /* Main.storyboard */ = {
			isa = PBXVariantGroup;
			children = (
				BFD578172894156F001B1ED0 /* Base */,
			);
			name = Main.storyboard;
			sourceTree = "<group>";
		};
		BFD5781B28941570001B1ED0 /* LaunchScreen.storyboard */ = {
			isa = PBXVariantGroup;
			children = (
				BFD5781C28941570001B1ED0 /* Base */,
			);
			name = LaunchScreen.storyboard;
			sourceTree = "<group>";
		};
/* End PBXVariantGroup section */

/* Begin XCBuildConfiguration section */
		BFD5781F28941570001B1ED0 /* Debug */ = {
			isa = XCBuildConfiguration;
			buildSettings = {
				ALWAYS_SEARCH_USER_PATHS = NO;
				CLANG_ANALYZER_NONNULL = YES;
				CLANG_ANALYZER_NUMBER_OBJECT_CONVERSION = YES_AGGRESSIVE;
				CLANG_CXX_LANGUAGE_STANDARD = "gnu++17";
				CLANG_ENABLE_MODULES = YES;
				CLANG_ENABLE_OBJC_ARC = YES;
				CLANG_ENABLE_OBJC_WEAK = YES;
				CLANG_WARN_BLOCK_CAPTURE_AUTORELEASING = YES;
				CLANG_WARN_BOOL_CONVERSION = YES;
				CLANG_WARN_COMMA = YES;
				CLANG_WARN_CONSTANT_CONVERSION = YES;
				CLANG_WARN_DEPRECATED_OBJC_IMPLEMENTATIONS = YES;
				CLANG_WARN_DIRECT_OBJC_ISA_USAGE = YES_ERROR;
				CLANG_WARN_DOCUMENTATION_COMMENTS = YES;
				CLANG_WARN_EMPTY_BODY = YES;
				CLANG_WARN_ENUM_CONVERSION = YES;
				CLANG_WARN_INFINITE_RECURSION = YES;
				CLANG_WARN_INT_CONVERSION = YES;
				CLANG_WARN_NON_LITERAL_NULL_CONVERSION = YES;
				CLANG_WARN_OBJC_IMPLICIT_RETAIN_SELF = YES;
				CLANG_WARN_OBJC_LITERAL_CONVERSION = YES;
				CLANG_WARN_OBJC_ROOT_CLASS = YES_ERROR;
				CLANG_WARN_QUOTED_INCLUDE_IN_FRAMEWORK_HEADER = YES;
				CLANG_WARN_RANGE_LOOP_ANALYSIS = YES;
				CLANG_WARN_STRICT_PROTOTYPES = YES;
				CLANG_WARN_SUSPICIOUS_MOVE = YES;
				CLANG_WARN_UNGUARDED_AVAILABILITY = YES_AGGRESSIVE;
				CLANG_WARN_UNREACHABLE_CODE = YES;
				CLANG_WARN__DUPLICATE_METHOD_MATCH = YES;
				COPY_PHASE_STRIP = NO;
				DEBUG_INFORMATION_FORMAT = dwarf;
				ENABLE_STRICT_OBJC_MSGSEND = YES;
				ENABLE_TESTABILITY = YES;
				GCC_C_LANGUAGE_STANDARD = gnu11;
				GCC_DYNAMIC_NO_PIC = NO;
				GCC_NO_COMMON_BLOCKS = YES;
				GCC_OPTIMIZATION_LEVEL = 0;
				GCC_PREPROCESSOR_DEFINITIONS = (
					"DEBUG=1",
					"$(inherited)",
				);
				GCC_WARN_64_TO_32_BIT_CONVERSION = YES;
				GCC_WARN_ABOUT_RETURN_TYPE = YES_ERROR;
				GCC_WARN_UNDECLARED_SELECTOR = YES;
				GCC_WARN_UNINITIALIZED_AUTOS = YES_AGGRESSIVE;
				GCC_WARN_UNUSED_FUNCTION = YES;
				GCC_WARN_UNUSED_VARIABLE = YES;
				IPHONEOS_DEPLOYMENT_TARGET = 15.0;
				MTL_ENABLE_DEBUG_INFO = INCLUDE_SOURCE;
				MTL_FAST_MATH = YES;
				ONLY_ACTIVE_ARCH = YES;
				SDKROOT = iphoneos;
				SWIFT_ACTIVE_COMPILATION_CONDITIONS = DEBUG;
				SWIFT_OPTIMIZATION_LEVEL = "-Onone";
			};
			name = Debug;
		};
		BFD5782028941570001B1ED0 /* Release */ = {
			isa = XCBuildConfiguration;
			buildSettings = {
				ALWAYS_SEARCH_USER_PATHS = NO;
				CLANG_ANALYZER_NONNULL = YES;
				CLANG_ANALYZER_NUMBER_OBJECT_CONVERSION = YES_AGGRESSIVE;
				CLANG_CXX_LANGUAGE_STANDARD = "gnu++17";
				CLANG_ENABLE_MODULES = YES;
				CLANG_ENABLE_OBJC_ARC = YES;
				CLANG_ENABLE_OBJC_WEAK = YES;
				CLANG_WARN_BLOCK_CAPTURE_AUTORELEASING = YES;
				CLANG_WARN_BOOL_CONVERSION = YES;
				CLANG_WARN_COMMA = YES;
				CLANG_WARN_CONSTANT_CONVERSION = YES;
				CLANG_WARN_DEPRECATED_OBJC_IMPLEMENTATIONS = YES;
				CLANG_WARN_DIRECT_OBJC_ISA_USAGE = YES_ERROR;
				CLANG_WARN_DOCUMENTATION_COMMENTS = YES;
				CLANG_WARN_EMPTY_BODY = YES;
				CLANG_WARN_ENUM_CONVERSION = YES;
				CLANG_WARN_INFINITE_RECURSION = YES;
				CLANG_WARN_INT_CONVERSION = YES;
				CLANG_WARN_NON_LITERAL_NULL_CONVERSION = YES;
				CLANG_WARN_OBJC_IMPLICIT_RETAIN_SELF = YES;
				CLANG_WARN_OBJC_LITERAL_CONVERSION = YES;
				CLANG_WARN_OBJC_ROOT_CLASS = YES_ERROR;
				CLANG_WARN_QUOTED_INCLUDE_IN_FRAMEWORK_HEADER = YES;
				CLANG_WARN_RANGE_LOOP_ANALYSIS = YES;
				CLANG_WARN_STRICT_PROTOTYPES = YES;
				CLANG_WARN_SUSPICIOUS_MOVE = YES;
				CLANG_WARN_UNGUARDED_AVAILABILITY = YES_AGGRESSIVE;
				CLANG_WARN_UNREACHABLE_CODE = YES;
				CLANG_WARN__DUPLICATE_METHOD_MATCH = YES;
				COPY_PHASE_STRIP = NO;
				DEBUG_INFORMATION_FORMAT = "dwarf-with-dsym";
				ENABLE_NS_ASSERTIONS = NO;
				ENABLE_STRICT_OBJC_MSGSEND = YES;
				GCC_C_LANGUAGE_STANDARD = gnu11;
				GCC_NO_COMMON_BLOCKS = YES;
				GCC_WARN_64_TO_32_BIT_CONVERSION = YES;
				GCC_WARN_ABOUT_RETURN_TYPE = YES_ERROR;
				GCC_WARN_UNDECLARED_SELECTOR = YES;
				GCC_WARN_UNINITIALIZED_AUTOS = YES_AGGRESSIVE;
				GCC_WARN_UNUSED_FUNCTION = YES;
				GCC_WARN_UNUSED_VARIABLE = YES;
				IPHONEOS_DEPLOYMENT_TARGET = 15.0;
				MTL_ENABLE_DEBUG_INFO = NO;
				MTL_FAST_MATH = YES;
				SDKROOT = iphoneos;
				SWIFT_COMPILATION_MODE = wholemodule;
				SWIFT_OPTIMIZATION_LEVEL = "-O";
				VALIDATE_PRODUCT = YES;
			};
			name = Release;
		};
		BFD5782228941570001B1ED0 /* Debug */ = {
			isa = XCBuildConfiguration;
			buildSettings = {
				ASSETCATALOG_COMPILER_APPICON_NAME = AppIcon;
				ASSETCATALOG_COMPILER_GLOBAL_ACCENT_COLOR_NAME = AccentColor;
				CODE_SIGN_STYLE = Automatic;
				CURRENT_PROJECT_VERSION = 1;
				DEVELOPMENT_TEAM = X7PX2RYRJL;
				GENERATE_INFOPLIST_FILE = YES;
				INFOPLIST_FILE = "Funios Group 7 TableView/Info.plist";
				INFOPLIST_KEY_UIApplicationSupportsIndirectInputEvents = YES;
				INFOPLIST_KEY_UILaunchStoryboardName = LaunchScreen;
				INFOPLIST_KEY_UIMainStoryboardFile = Main;
				INFOPLIST_KEY_UISupportedInterfaceOrientations_iPad = "UIInterfaceOrientationPortrait UIInterfaceOrientationPortraitUpsideDown UIInterfaceOrientationLandscapeLeft UIInterfaceOrientationLandscapeRight";
				INFOPLIST_KEY_UISupportedInterfaceOrientations_iPhone = "UIInterfaceOrientationPortrait UIInterfaceOrientationLandscapeLeft UIInterfaceOrientationLandscapeRight";
				LD_RUNPATH_SEARCH_PATHS = (
					"$(inherited)",
					"@executable_path/Frameworks",
				);
				MARKETING_VERSION = 1.0;
				PRODUCT_BUNDLE_IDENTIFIER = "com.funios.Funios-Group-7-TableView";
				PRODUCT_NAME = "$(TARGET_NAME)";
				SWIFT_EMIT_LOC_STRINGS = YES;
				SWIFT_VERSION = 5.0;
				TARGETED_DEVICE_FAMILY = "1,2";
			};
			name = Debug;
		};
		BFD5782328941570001B1ED0 /* Release */ = {
			isa = XCBuildConfiguration;
			buildSettings = {
				ASSETCATALOG_COMPILER_APPICON_NAME = AppIcon;
				ASSETCATALOG_COMPILER_GLOBAL_ACCENT_COLOR_NAME = AccentColor;
				CODE_SIGN_STYLE = Automatic;
				CURRENT_PROJECT_VERSION = 1;
				DEVELOPMENT_TEAM = X7PX2RYRJL;
				GENERATE_INFOPLIST_FILE = YES;
				INFOPLIST_FILE = "Funios Group 7 TableView/Info.plist";
				INFOPLIST_KEY_UIApplicationSupportsIndirectInputEvents = YES;
				INFOPLIST_KEY_UILaunchStoryboardName = LaunchScreen;
				INFOPLIST_KEY_UIMainStoryboardFile = Main;
				INFOPLIST_KEY_UISupportedInterfaceOrientations_iPad = "UIInterfaceOrientationPortrait UIInterfaceOrientationPortraitUpsideDown UIInterfaceOrientationLandscapeLeft UIInterfaceOrientationLandscapeRight";
				INFOPLIST_KEY_UISupportedInterfaceOrientations_iPhone = "UIInterfaceOrientationPortrait UIInterfaceOrientationLandscapeLeft UIInterfaceOrientationLandscapeRight";
				LD_RUNPATH_SEARCH_PATHS = (
					"$(inherited)",
					"@executable_path/Frameworks",
				);
				MARKETING_VERSION = 1.0;
				PRODUCT_BUNDLE_IDENTIFIER = "com.funios.Funios-Group-7-TableView";
				PRODUCT_NAME = "$(TARGET_NAME)";
				SWIFT_EMIT_LOC_STRINGS = YES;
				SWIFT_VERSION = 5.0;
				TARGETED_DEVICE_FAMILY = "1,2";
			};
			name = Release;
		};
/* End XCBuildConfiguration section */

/* Begin XCConfigurationList section */
		BFD578082894156E001B1ED0 /* Build configuration list for PBXProject "Funios Group 7 TableView" */ = {
			isa = XCConfigurationList;
			buildConfigurations = (
				BFD5781F28941570001B1ED0 /* Debug */,
				BFD5782028941570001B1ED0 /* Release */,
			);
			defaultConfigurationIsVisible = 0;
			defaultConfigurationName = Release;
		};
		BFD5782128941570001B1ED0 /* Build configuration list for PBXNativeTarget "Funios Group 7 TableView" */ = {
			isa = XCConfigurationList;
			buildConfigurations = (
				BFD5782228941570001B1ED0 /* Debug */,
				BFD5782328941570001B1ED0 /* Release */,
			);
			defaultConfigurationIsVisible = 0;
			defaultConfigurationName = Release;
		};
/* End XCConfigurationList section */
	};
	rootObject = BFD578052894156E001B1ED0 /* Project object */;
}
